{
  "name": "kubit-docs",
  "version": "0.0.0",
  "lockfileVersion": 3,
  "requires": true,
  "packages": {
    "": {
      "name": "kubit-docs",
      "version": "0.0.0",
      "hasInstallScript": true,
      "license": "MIT",
      "devDependencies": {
        "prettier": "^3.2.5",
        "prettier-plugin-organize-imports": "^3.2.4"
      },
      "engines": {
        "node": ">=16"
      }
    },
    "node_modules/prettier": {
      "version": "3.2.5",
      "resolved": "https://registry.npmjs.org/prettier/-/prettier-3.2.5.tgz",
      "integrity": "sha512-3/GWa9aOC0YeD7LUfvOG2NiDyhOWRvt1k+rcKhOuYnMY24iiCphgneUfJDyFXd6rZCAnuLBv6UeAULtrhT/F4A==",
      "dev": true,
      "bin": {
        "prettier": "bin/prettier.cjs"
      },
      "engines": {
        "node": ">=14"
      },
      "funding": {
        "url": "https://github.com/prettier/prettier?sponsor=1"
      }
    },
    "node_modules/prettier-plugin-organize-imports": {
      "version": "3.2.4",
      "resolved": "https://registry.npmjs.org/prettier-plugin-organize-imports/-/prettier-plugin-organize-imports-3.2.4.tgz",
      "integrity": "sha512-6m8WBhIp0dfwu0SkgfOxJqh+HpdyfqSSLfKKRZSFbDuEQXDDndb8fTpRWkUrX/uBenkex3MgnVk0J3b3Y5byog==",
      "dev": true,
      "peerDependencies": {
        "@volar/vue-language-plugin-pug": "^1.0.4",
        "@volar/vue-typescript": "^1.0.4",
        "prettier": ">=2.0",
        "typescript": ">=2.9"
      },
      "peerDependenciesMeta": {
        "@volar/vue-language-plugin-pug": {
          "optional": true
        },
        "@volar/vue-typescript": {
          "optional": true
        }
      }
    },
    "node_modules/typescript": {
      "version": "5.4.2",
      "resolved": "https://registry.npmjs.org/typescript/-/typescript-5.4.2.tgz",
      "integrity": "sha512-+2/g0Fds1ERlP6JsakQQDXjZdZMM+rqpamFZJEKh4kwTIn3iDkgKtby0CeNd5ATNZ4Ry1ax15TMx0W2V+miizQ==",
      "dev": true,
      "peer": true,
      "bin": {
        "tsc": "bin/tsc",
        "tsserver": "bin/tsserver"
      },
      "engines": {
        "node": ">=14.17"
      }
    }
  }
}
